// !$*UTF8*$!
{
	archiveVersion = 1;
	classes = {
	};
	objectVersion = 48;
	objects = {

/* Begin PBXBuildFile section */
		836E8CE91B7889965F5DB8C4 /* libPods-OCRDetector.a in Frameworks */ = {isa = PBXBuildFile; fileRef = 850F74DEFFD73A5B513C8A42 /* libPods-OCRDetector.a */; };
		9622702F1FB8375100934C02 /* AppDelegate.m in Sources */ = {isa = PBXBuildFile; fileRef = 9622702E1FB8375100934C02 /* AppDelegate.m */; };
		962270321FB8375100934C02 /* ViewController.m in Sources */ = {isa = PBXBuildFile; fileRef = 962270311FB8375100934C02 /* ViewController.m */; };
		962270351FB8375100934C02 /* Main.storyboard in Resources */ = {isa = PBXBuildFile; fileRef = 962270331FB8375100934C02 /* Main.storyboard */; };
		962270371FB8375100934C02 /* Assets.xcassets in Resources */ = {isa = PBXBuildFile; fileRef = 962270361FB8375100934C02 /* Assets.xcassets */; };
		9622703A1FB8375100934C02 /* LaunchScreen.storyboard in Resources */ = {isa = PBXBuildFile; fileRef = 962270381FB8375100934C02 /* LaunchScreen.storyboard */; };
		9622703D1FB8375100934C02 /* main.m in Sources */ = {isa = PBXBuildFile; fileRef = 9622703C1FB8375100934C02 /* main.m */; };
		962270451FB83C5200934C02 /* opencv2.framework in Frameworks */ = {isa = PBXBuildFile; fileRef = 962270441FB83C5200934C02 /* opencv2.framework */; };
		962270481FB83D2900934C02 /* AssetsLibrary.framework in Frameworks */ = {isa = PBXBuildFile; fileRef = 962270471FB83D2400934C02 /* AssetsLibrary.framework */; };
		9622704A1FB83D3500934C02 /* CoreMedia.framework in Frameworks */ = {isa = PBXBuildFile; fileRef = 962270491FB83D3200934C02 /* CoreMedia.framework */; };
		9622704C1FB83D3D00934C02 /* AVFoundation.framework in Frameworks */ = {isa = PBXBuildFile; fileRef = 9622704B1FB83D3B00934C02 /* AVFoundation.framework */; };
		9622704E1FB83D4900934C02 /* libc++.tbd in Frameworks */ = {isa = PBXBuildFile; fileRef = 9622704D1FB83D4900934C02 /* libc++.tbd */; };
		962270511FB83D7300934C02 /* ProcessImage.mm in Sources */ = {isa = PBXBuildFile; fileRef = 9622704F1FB83D7300934C02 /* ProcessImage.mm */; };
/* End PBXBuildFile section */

/* Begin PBXFileReference section */
		4AE4A72332ED6D5A8E686D2D /* Pods-OCRDetector.debug.xcconfig */ = {isa = PBXFileReference; includeInIndex = 1; lastKnownFileType = text.xcconfig; name = "Pods-OCRDetector.debug.xcconfig"; path = "Pods/Target Support Files/Pods-OCRDetector/Pods-OCRDetector.debug.xcconfig"; sourceTree = "<group>"; };
		850F74DEFFD73A5B513C8A42 /* libPods-OCRDetector.a */ = {isa = PBXFileReference; explicitFileType = archive.ar; includeInIndex = 0; path = "libPods-OCRDetector.a"; sourceTree = BUILT_PRODUCTS_DIR; };
		9622702A1FB8375100934C02 /* OCRDetector.app */ = {isa = PBXFileReference; explicitFileType = wrapper.application; includeInIndex = 0; path = OCRDetector.app; sourceTree = BUILT_PRODUCTS_DIR; };
		9622702D1FB8375100934C02 /* AppDelegate.h */ = {isa = PBXFileReference; lastKnownFileType = sourcecode.c.h; path = AppDelegate.h; sourceTree = "<group>"; };
		9622702E1FB8375100934C02 /* AppDelegate.m */ = {isa = PBXFileReference; lastKnownFileType = sourcecode.c.objc; path = AppDelegate.m; sourceTree = "<group>"; };
		962270301FB8375100934C02 /* ViewController.h */ = {isa = PBXFileReference; lastKnownFileType = sourcecode.c.h; path = ViewController.h; sourceTree = "<group>"; };
		962270311FB8375100934C02 /* ViewController.m */ = {isa = PBXFileReference; lastKnownFileType = sourcecode.c.objc; path = ViewController.m; sourceTree = "<group>"; };
		962270341FB8375100934C02 /* Base */ = {isa = PBXFileReference; lastKnownFileType = file.storyboard; name = Base; path = Base.lproj/Main.storyboard; sourceTree = "<group>"; };
		962270361FB8375100934C02 /* Assets.xcassets */ = {isa = PBXFileReference; lastKnownFileType = folder.assetcatalog; path = Assets.xcassets; sourceTree = "<group>"; };
		962270391FB8375100934C02 /* Base */ = {isa = PBXFileReference; lastKnownFileType = file.storyboard; name = Base; path = Base.lproj/LaunchScreen.storyboard; sourceTree = "<group>"; };
		9622703B1FB8375100934C02 /* Info.plist */ = {isa = PBXFileReference; lastKnownFileType = text.plist.xml; path = Info.plist; sourceTree = "<group>"; };
		9622703C1FB8375100934C02 /* main.m */ = {isa = PBXFileReference; lastKnownFileType = sourcecode.c.objc; path = main.m; sourceTree = "<group>"; };
		962270441FB83C5200934C02 /* opencv2.framework */ = {isa = PBXFileReference; lastKnownFileType = wrapper.framework; path = opencv2.framework; sourceTree = "<group>"; };
		962270461FB83C7500934C02 /* PrefixHeader.pch */ = {isa = PBXFileReference; lastKnownFileType = sourcecode.c.h; path = PrefixHeader.pch; sourceTree = "<group>"; };
		962270471FB83D2400934C02 /* AssetsLibrary.framework */ = {isa = PBXFileReference; lastKnownFileType = wrapper.framework; name = AssetsLibrary.framework; path = System/Library/Frameworks/AssetsLibrary.framework; sourceTree = SDKROOT; };
		962270491FB83D3200934C02 /* CoreMedia.framework */ = {isa = PBXFileReference; lastKnownFileType = wrapper.framework; name = CoreMedia.framework; path = System/Library/Frameworks/CoreMedia.framework; sourceTree = SDKROOT; };
		9622704B1FB83D3B00934C02 /* AVFoundation.framework */ = {isa = PBXFileReference; lastKnownFileType = wrapper.framework; name = AVFoundation.framework; path = System/Library/Frameworks/AVFoundation.framework; sourceTree = SDKROOT; };
		9622704D1FB83D4900934C02 /* libc++.tbd */ = {isa = PBXFileReference; lastKnownFileType = "sourcecode.text-based-dylib-definition"; name = "libc++.tbd"; path = "usr/lib/libc++.tbd"; sourceTree = SDKROOT; };
		9622704F1FB83D7300934C02 /* ProcessImage.mm */ = {isa = PBXFileReference; fileEncoding = 4; lastKnownFileType = sourcecode.cpp.objcpp; path = ProcessImage.mm; sourceTree = "<group>"; };
		962270501FB83D7300934C02 /* ProcessImage.h */ = {isa = PBXFileReference; fileEncoding = 4; lastKnownFileType = sourcecode.c.h; path = ProcessImage.h; sourceTree = "<group>"; };
		B12E6E0868D7453E856881BF /* Pods-OCRDetector.release.xcconfig */ = {isa = PBXFileReference; includeInIndex = 1; lastKnownFileType = text.xcconfig; name = "Pods-OCRDetector.release.xcconfig"; path = "Pods/Target Support Files/Pods-OCRDetector/Pods-OCRDetector.release.xcconfig"; sourceTree = "<group>"; };
/* End PBXFileReference section */

/* Begin PBXFrameworksBuildPhase section */
		962270271FB8375100934C02 /* Frameworks */ = {
			isa = PBXFrameworksBuildPhase;
			buildActionMask = 2147483647;
			files = (
				9622704E1FB83D4900934C02 /* libc++.tbd in Frameworks */,
				9622704C1FB83D3D00934C02 /* AVFoundation.framework in Frameworks */,
				9622704A1FB83D3500934C02 /* CoreMedia.framework in Frameworks */,
				962270481FB83D2900934C02 /* AssetsLibrary.framework in Frameworks */,
				962270451FB83C5200934C02 /* opencv2.framework in Frameworks */,
				836E8CE91B7889965F5DB8C4 /* libPods-OCRDetector.a in Frameworks */,
			);
			runOnlyForDeploymentPostprocessing = 0;
		};
/* End PBXFrameworksBuildPhase section */

/* Begin PBXGroup section */
		02F3F34C609A081ABCFF305B /* Frameworks */ = {
			isa = PBXGroup;
			children = (
				9622704D1FB83D4900934C02 /* libc++.tbd */,
				9622704B1FB83D3B00934C02 /* AVFoundation.framework */,
				962270491FB83D3200934C02 /* CoreMedia.framework */,
				962270471FB83D2400934C02 /* AssetsLibrary.framework */,
				850F74DEFFD73A5B513C8A42 /* libPods-OCRDetector.a */,
			);
			name = Frameworks;
			sourceTree = "<group>";
		};
		962270211FB8375100934C02 = {
			isa = PBXGroup;
			children = (
				9622702C1FB8375100934C02 /* OCRDetector */,
				9622702B1FB8375100934C02 /* Products */,
				BEE9496BA427C7FF7EDB6580 /* Pods */,
				02F3F34C609A081ABCFF305B /* Frameworks */,
			);
			sourceTree = "<group>";
		};
		9622702B1FB8375100934C02 /* Products */ = {
			isa = PBXGroup;
			children = (
				9622702A1FB8375100934C02 /* OCRDetector.app */,
			);
			name = Products;
			sourceTree = "<group>";
		};
		9622702C1FB8375100934C02 /* OCRDetector */ = {
			isa = PBXGroup;
			children = (
				962270431FB83C4900934C02 /* OpenCV */,
				9622702D1FB8375100934C02 /* AppDelegate.h */,
				9622702E1FB8375100934C02 /* AppDelegate.m */,
				962270301FB8375100934C02 /* ViewController.h */,
				962270311FB8375100934C02 /* ViewController.m */,
				962270501FB83D7300934C02 /* ProcessImage.h */,
				9622704F1FB83D7300934C02 /* ProcessImage.mm */,
				962270331FB8375100934C02 /* Main.storyboard */,
				962270361FB8375100934C02 /* Assets.xcassets */,
				962270381FB8375100934C02 /* LaunchScreen.storyboard */,
				9622703B1FB8375100934C02 /* Info.plist */,
				9622703C1FB8375100934C02 /* main.m */,
				962270461FB83C7500934C02 /* PrefixHeader.pch */,
			);
			path = OCRDetector;
			sourceTree = "<group>";
		};
		962270431FB83C4900934C02 /* OpenCV */ = {
			isa = PBXGroup;
			children = (
				962270441FB83C5200934C02 /* opencv2.framework */,
			);
			path = OpenCV;
			sourceTree = "<group>";
		};
		BEE9496BA427C7FF7EDB6580 /* Pods */ = {
			isa = PBXGroup;
			children = (
				4AE4A72332ED6D5A8E686D2D /* Pods-OCRDetector.debug.xcconfig */,
				B12E6E0868D7453E856881BF /* Pods-OCRDetector.release.xcconfig */,
			);
			name = Pods;
			sourceTree = "<group>";
		};
/* End PBXGroup section */

/* Begin PBXNativeTarget section */
		962270291FB8375100934C02 /* OCRDetector */ = {
			isa = PBXNativeTarget;
			buildConfigurationList = 962270401FB8375100934C02 /* Build configuration list for PBXNativeTarget "OCRDetector" */;
			buildPhases = (
				985A55E329DB09AB34E2C909 /* [CP] Check Pods Manifest.lock */,
				962270261FB8375100934C02 /* Sources */,
				962270271FB8375100934C02 /* Frameworks */,
				962270281FB8375100934C02 /* Resources */,
				F1F8036E8C0151C45A41FF7E /* [CP] Embed Pods Frameworks */,
				5FD405464B90FDDD5DF48706 /* [CP] Copy Pods Resources */,
			);
			buildRules = (
			);
			dependencies = (
			);
			name = OCRDetector;
			productName = OCRDetector;
			productReference = 9622702A1FB8375100934C02 /* OCRDetector.app */;
			productType = "com.apple.product-type.application";
		};
/* End PBXNativeTarget section */

/* Begin PBXProject section */
		962270221FB8375100934C02 /* Project object */ = {
			isa = PBXProject;
			attributes = {
				LastUpgradeCheck = 0910;
				ORGANIZATIONNAME = "王腾飞";
				TargetAttributes = {
					962270291FB8375100934C02 = {
						CreatedOnToolsVersion = 9.1;
						ProvisioningStyle = Automatic;
					};
				};
			};
			buildConfigurationList = 962270251FB8375100934C02 /* Build configuration list for PBXProject "OCRDetector" */;
			compatibilityVersion = "Xcode 8.0";
			developmentRegion = en;
			hasScannedForEncodings = 0;
			knownRegions = (
				en,
				Base,
			);
			mainGroup = 962270211FB8375100934C02;
			productRefGroup = 9622702B1FB8375100934C02 /* Products */;
			projectDirPath = "";
			projectRoot = "";
			targets = (
				962270291FB8375100934C02 /* OCRDetector */,
			);
		};
/* End PBXProject section */

/* Begin PBXResourcesBuildPhase section */
		962270281FB8375100934C02 /* Resources */ = {
			isa = PBXResourcesBuildPhase;
			buildActionMask = 2147483647;
			files = (
				9622703A1FB8375100934C02 /* LaunchScreen.storyboard in Resources */,
				962270371FB8375100934C02 /* Assets.xcassets in Resources */,
				962270351FB8375100934C02 /* Main.storyboard in Resources */,
			);
			runOnlyForDeploymentPostprocessing = 0;
		};
/* End PBXResourcesBuildPhase section */

/* Begin PBXShellScriptBuildPhase section */
		5FD405464B90FDDD5DF48706 /* [CP] Copy Pods Resources */ = {
			isa = PBXShellScriptBuildPhase;
			buildActionMask = 2147483647;
			files = (
			);
			inputPaths = (
			);
			name = "[CP] Copy Pods Resources";
			outputPaths = (
			);
			runOnlyForDeploymentPostprocessing = 0;
			shellPath = /bin/sh;
			shellScript = "\"${SRCROOT}/Pods/Target Support Files/Pods-OCRDetector/Pods-OCRDetector-resources.sh\"\n";
			showEnvVarsInLog = 0;
		};
		985A55E329DB09AB34E2C909 /* [CP] Check Pods Manifest.lock */ = {
			isa = PBXShellScriptBuildPhase;
			buildActionMask = 2147483647;
			files = (
			);
			inputPaths = (
			);
			name = "[CP] Check Pods Manifest.lock";
			outputPaths = (
			);
			runOnlyForDeploymentPostprocessing = 0;
			shellPath = /bin/sh;
			shellScript = "diff \"${PODS_ROOT}/../Podfile.lock\" \"${PODS_ROOT}/Manifest.lock\" > /dev/null\nif [[ $? != 0 ]] ; then\n    cat << EOM\nerror: The sandbox is not in sync with the Podfile.lock. Run 'pod install' or update your CocoaPods installation.\nEOM\n    exit 1\nfi\n";
			showEnvVarsInLog = 0;
		};
		F1F8036E8C0151C45A41FF7E /* [CP] Embed Pods Frameworks */ = {
			isa = PBXShellScriptBuildPhase;
			buildActionMask = 2147483647;
			files = (
			);
			inputPaths = (
			);
			name = "[CP] Embed Pods Frameworks";
			outputPaths = (
			);
			runOnlyForDeploymentPostprocessing = 0;
			shellPath = /bin/sh;
			shellScript = "\"${SRCROOT}/Pods/Target Support Files/Pods-OCRDetector/Pods-OCRDetector-frameworks.sh\"\n";
			showEnvVarsInLog = 0;
		};
/* End PBXShellScriptBuildPhase section */

/* Begin PBXSourcesBuildPhase section */
		962270261FB8375100934C02 /* Sources */ = {
			isa = PBXSourcesBuildPhase;
			buildActionMask = 2147483647;
			files = (
				962270321FB8375100934C02 /* ViewController.m in Sources */,
				962270511FB83D7300934C02 /* ProcessImage.mm in Sources */,
				9622703D1FB8375100934C02 /* main.m in Sources */,
				9622702F1FB8375100934C02 /* AppDelegate.m in Sources */,
			);
			runOnlyForDeploymentPostprocessing = 0;
		};
/* End PBXSourcesBuildPhase section */

/* Begin PBXVariantGroup section */
		962270331FB8375100934C02 /* Main.storyboard */ = {
			isa = PBXVariantGroup;
			children = (
				962270341FB8375100934C02 /* Base */,
			);
			name = Main.storyboard;
			sourceTree = "<group>";
		};
		962270381FB8375100934C02 /* LaunchScreen.storyboard */ = {
			isa = PBXVariantGroup;
			children = (
				962270391FB8375100934C02 /* Base */,
			);
			name = LaunchScreen.storyboard;
			sourceTree = "<group>";
		};
/* End PBXVariantGroup section */

/* Begin XCBuildConfiguration section */
		9622703E1FB8375100934C02 /* Debug */ = {
			isa = XCBuildConfiguration;
			buildSettings = {
				ALWAYS_SEARCH_USER_PATHS = NO;
				CLANG_ANALYZER_NONNULL = YES;
				CLANG_ANALYZER_NUMBER_OBJECT_CONVERSION = YES_AGGRESSIVE;
				CLANG_CXX_LANGUAGE_STANDARD = "gnu++14";
				CLANG_CXX_LIBRARY = "libc++";
				CLANG_ENABLE_MODULES = YES;
				CLANG_ENABLE_OBJC_ARC = YES;
				CLANG_WARN_BLOCK_CAPTURE_AUTORELEASING = YES;
				CLANG_WARN_BOOL_CONVERSION = YES;
				CLANG_WARN_COMMA = YES;
				CLANG_WARN_CONSTANT_CONVERSION = YES;
				CLANG_WARN_DIRECT_OBJC_ISA_USAGE = YES_ERROR;
				CLANG_WARN_DOCUMENTATION_COMMENTS = YES;
				CLANG_WARN_EMPTY_BODY = YES;
				CLANG_WARN_ENUM_CONVERSION = YES;
				CLANG_WARN_INFINITE_RECURSION = YES;
				CLANG_WARN_INT_CONVERSION = YES;
				CLANG_WARN_NON_LITERAL_NULL_CONVERSION = YES;
				CLANG_WARN_OBJC_LITERAL_CONVERSION = YES;
				CLANG_WARN_OBJC_ROOT_CLASS = YES_ERROR;
				CLANG_WARN_RANGE_LOOP_ANALYSIS = YES;
				CLANG_WARN_STRICT_PROTOTYPES = YES;
				CLANG_WARN_SUSPICIOUS_MOVE = YES;
				CLANG_WARN_UNGUARDED_AVAILABILITY = YES_AGGRESSIVE;
				CLANG_WARN_UNREACHABLE_CODE = YES;
				CLANG_WARN__DUPLICATE_METHOD_MATCH = YES;
				CODE_SIGN_IDENTITY = "iPhone Developer";
				COPY_PHASE_STRIP = NO;
				DEBUG_INFORMATION_FORMAT = dwarf;
				ENABLE_STRICT_OBJC_MSGSEND = YES;
				ENABLE_TESTABILITY = YES;
				GCC_C_LANGUAGE_STANDARD = gnu11;
				GCC_DYNAMIC_NO_PIC = NO;
				GCC_NO_COMMON_BLOCKS = YES;
				GCC_OPTIMIZATION_LEVEL = 0;
				GCC_PREPROCESSOR_DEFINITIONS = (
					"DEBUG=1",
					"$(inherited)",
				);
				GCC_WARN_64_TO_32_BIT_CONVERSION = YES;
				GCC_WARN_ABOUT_RETURN_TYPE = YES_ERROR;
				GCC_WARN_UNDECLARED_SELECTOR = YES;
				GCC_WARN_UNINITIALIZED_AUTOS = YES_AGGRESSIVE;
				GCC_WARN_UNUSED_FUNCTION = YES;
				GCC_WARN_UNUSED_VARIABLE = YES;
				IPHONEOS_DEPLOYMENT_TARGET = 11.1;
				MTL_ENABLE_DEBUG_INFO = YES;
				ONLY_ACTIVE_ARCH = YES;
				SDKROOT = iphoneos;
			};
			name = Debug;
		};
		9622703F1FB8375100934C02 /* Release */ = {
			isa = XCBuildConfiguration;
			buildSettings = {
				ALWAYS_SEARCH_USER_PATHS = NO;
				CLANG_ANALYZER_NONNULL = YES;
				CLANG_ANALYZER_NUMBER_OBJECT_CONVERSION = YES_AGGRESSIVE;
				CLANG_CXX_LANGUAGE_STANDARD = "gnu++14";
				CLANG_CXX_LIBRARY = "libc++";
				CLANG_ENABLE_MODULES = YES;
				CLANG_ENABLE_OBJC_ARC = YES;
				CLANG_WARN_BLOCK_CAPTURE_AUTORELEASING = YES;
				CLANG_WARN_BOOL_CONVERSION = YES;
				CLANG_WARN_COMMA = YES;
				CLANG_WARN_CONSTANT_CONVERSION = YES;
				CLANG_WARN_DIRECT_OBJC_ISA_USAGE = YES_ERROR;
				CLANG_WARN_DOCUMENTATION_COMMENTS = YES;
				CLANG_WARN_EMPTY_BODY = YES;
				CLANG_WARN_ENUM_CONVERSION = YES;
				CLANG_WARN_INFINITE_RECURSION = YES;
				CLANG_WARN_INT_CONVERSION = YES;
				CLANG_WARN_NON_LITERAL_NULL_CONVERSION = YES;
				CLANG_WARN_OBJC_LITERAL_CONVERSION = YES;
				CLANG_WARN_OBJC_ROOT_CLASS = YES_ERROR;
				CLANG_WARN_RANGE_LOOP_ANALYSIS = YES;
				CLANG_WARN_STRICT_PROTOTYPES = YES;
				CLANG_WARN_SUSPICIOUS_MOVE = YES;
				CLANG_WARN_UNGUARDED_AVAILABILITY = YES_AGGRESSIVE;
				CLANG_WARN_UNREACHABLE_CODE = YES;
				CLANG_WARN__DUPLICATE_METHOD_MATCH = YES;
				CODE_SIGN_IDENTITY = "iPhone Developer";
				COPY_PHASE_STRIP = NO;
				DEBUG_INFORMATION_FORMAT = "dwarf-with-dsym";
				ENABLE_NS_ASSERTIONS = NO;
				ENABLE_STRICT_OBJC_MSGSEND = YES;
				GCC_C_LANGUAGE_STANDARD = gnu11;
				GCC_NO_COMMON_BLOCKS = YES;
				GCC_WARN_64_TO_32_BIT_CONVERSION = YES;
				GCC_WARN_ABOUT_RETURN_TYPE = YES_ERROR;
				GCC_WARN_UNDECLARED_SELECTOR = YES;
				GCC_WARN_UNINITIALIZED_AUTOS = YES_AGGRESSIVE;
				GCC_WARN_UNUSED_FUNCTION = YES;
				GCC_WARN_UNUSED_VARIABLE = YES;
				IPHONEOS_DEPLOYMENT_TARGET = 11.1;
				MTL_ENABLE_DEBUG_INFO = NO;
				SDKROOT = iphoneos;
				VALIDATE_PRODUCT = YES;
			};
			name = Release;
		};
		962270411FB8375100934C02 /* Debug */ = {
			isa = XCBuildConfiguration;
			baseConfigurationReference = 4AE4A72332ED6D5A8E686D2D /* Pods-OCRDetector.debug.xcconfig */;
			buildSettings = {
				ASSETCATALOG_COMPILER_APPICON_NAME = AppIcon;
				CODE_SIGN_STYLE = Automatic;
				DEVELOPMENT_TEAM = Y37XRS867F;
				FRAMEWORK_SEARCH_PATHS = (
					"$(inherited)",
					"$(PROJECT_DIR)/OCRDetector/OpenCV",
				);
				GCC_PREFIX_HEADER = "$(SRCROOT)/OCRDetector/PrefixHeader.pch";
				INFOPLIST_FILE = OCRDetector/Info.plist;
				LD_RUNPATH_SEARCH_PATHS = "$(inherited) @executable_path/Frameworks";
				PRODUCT_BUNDLE_IDENTIFIER = com.jason.OCRDetector;
				PRODUCT_NAME = "$(TARGET_NAME)";
				TARGETED_DEVICE_FAMILY = "1,2";
			};
			name = Debug;
		};
		962270421FB8375100934C02 /* Release */ = {
			isa = XCBuildConfiguration;
			baseConfigurationReference = B12E6E0868D7453E856881BF /* Pods-OCRDetector.release.xcconfig */;
			buildSettings = {
				ASSETCATALOG_COMPILER_APPICON_NAME = AppIcon;
				CODE_SIGN_STYLE = Automatic;
				DEVELOPMENT_TEAM = Y37XRS867F;
				FRAMEWORK_SEARCH_PATHS = (
					"$(inherited)",
					"$(PROJECT_DIR)/OCRDetector/OpenCV",
				);
				GCC_PREFIX_HEADER = "$(SRCROOT)/OCRDetector/PrefixHeader.pch";
				INFOPLIST_FILE = OCRDetector/Info.plist;
				LD_RUNPATH_SEARCH_PATHS = "$(inherited) @executable_path/Frameworks";
				PRODUCT_BUNDLE_IDENTIFIER = com.jason.OCRDetector;
				PRODUCT_NAME = "$(TARGET_NAME)";
				TARGETED_DEVICE_FAMILY = "1,2";
			};
			name = Release;
		};
/* End XCBuildConfiguration section */

/* Begin XCConfigurationList section */
		962270251FB8375100934C02 /* Build configuration list for PBXProject "OCRDetector" */ = {
			isa = XCConfigurationList;
			buildConfigurations = (
				9622703E1FB8375100934C02 /* Debug */,
				9622703F1FB8375100934C02 /* Release */,
			);
			defaultConfigurationIsVisible = 0;
			defaultConfigurationName = Release;
		};
		962270401FB8375100934C02 /* Build configuration list for PBXNativeTarget "OCRDetector" */ = {
			isa = XCConfigurationList;
			buildConfigurations = (
				962270411FB8375100934C02 /* Debug */,
				962270421FB8375100934C02 /* Release */,
			);
			defaultConfigurationIsVisible = 0;
			defaultConfigurationName = Release;
		};
/* End XCConfigurationList section */
	};
	rootObject = 962270221FB8375100934C02 /* Project object */;
}
